
Microsoft Visual Studio Solution File, Format Version 12.00
Project("{FAE04EC0-301F-11D3-BF4B-00C04F79EFBC}") = "WFDS.Server", "WFDS.Server\WFDS.Server.csproj", "{018DF5DE-4BA4-4691-A268-9A10C783E078}"
EndProject
Project("{FAE04EC0-301F-11D3-BF4B-00C04F79EFBC}") = "WFDS.Godot", "WFDS.Godot\WFDS.Godot.csproj", "{C59B3923-5D5F-4B17-84D3-0F7AC892101C}"
EndProject
Project("{FAE04EC0-301F-11D3-BF4B-00C04F79EFBC}") = "WFDS.Common", "WFDS.Common\WFDS.Common.csproj", "{89CE246F-9504-44DB-B8F3-B534F120A9A4}"
EndProject
Project("{2150E333-8FDC-42A3-9474-1A3956D46DE8}") = "Plugins", "Plugins", "{573F14AA-7273-4CBD-951D-E788CF3DB156}"
EndProject
Project("{FAE04EC0-301F-11D3-BF4B-00C04F79EFBC}") = "TemplatePlugin", "TemplatePlugin\TemplatePlugin.csproj", "{67024ECD-9116-4B78-9192-71A9DFFA837A}"
EndProject
Project("{FAE04EC0-301F-11D3-BF4B-00C04F79EFBC}") = "WFDS.Database", "WFDS.Database\WFDS.Database.csproj", "{80E3F19E-15F8-4A32-B1E8-749B6625E91C}"
EndProject
Global
	GlobalSection(SolutionConfigurationPlatforms) = preSolution
		Debug|Any CPU = Debug|Any CPU
		Release|Any CPU = Release|Any CPU
	EndGlobalSection
	GlobalSection(ProjectConfigurationPlatforms) = postSolution
		{018DF5DE-4BA4-4691-A268-9A10C783E078}.Debug|Any CPU.ActiveCfg = Debug|Any CPU
		{018DF5DE-4BA4-4691-A268-9A10C783E078}.Debug|Any CPU.Build.0 = Debug|Any CPU
		{018DF5DE-4BA4-4691-A268-9A10C783E078}.Release|Any CPU.ActiveCfg = Release|Any CPU
		{018DF5DE-4BA4-4691-A268-9A10C783E078}.Release|Any CPU.Build.0 = Release|Any CPU
		{C59B3923-5D5F-4B17-84D3-0F7AC892101C}.Debug|Any CPU.ActiveCfg = Debug|Any CPU
		{C59B3923-5D5F-4B17-84D3-0F7AC892101C}.Debug|Any CPU.Build.0 = Debug|Any CPU
		{C59B3923-5D5F-4B17-84D3-0F7AC892101C}.Release|Any CPU.ActiveCfg = Release|Any CPU
		{C59B3923-5D5F-4B17-84D3-0F7AC892101C}.Release|Any CPU.Build.0 = Release|Any CPU
		{89CE246F-9504-44DB-B8F3-B534F120A9A4}.Debug|Any CPU.ActiveCfg = Debug|Any CPU
		{89CE246F-9504-44DB-B8F3-B534F120A9A4}.Debug|Any CPU.Build.0 = Debug|Any CPU
		{89CE246F-9504-44DB-B8F3-B534F120A9A4}.Release|Any CPU.ActiveCfg = Release|Any CPU
		{89CE246F-9504-44DB-B8F3-B534F120A9A4}.Release|Any CPU.Build.0 = Release|Any CPU
		{67024ECD-9116-4B78-9192-71A9DFFA837A}.Debug|Any CPU.ActiveCfg = Debug|Any CPU
		{67024ECD-9116-4B78-9192-71A9DFFA837A}.Debug|Any CPU.Build.0 = Debug|Any CPU
		{67024ECD-9116-4B78-9192-71A9DFFA837A}.Release|Any CPU.ActiveCfg = Release|Any CPU
		{67024ECD-9116-4B78-9192-71A9DFFA837A}.Release|Any CPU.Build.0 = Release|Any CPU
		{80E3F19E-15F8-4A32-B1E8-749B6625E91C}.Debug|Any CPU.ActiveCfg = Debug|Any CPU
		{80E3F19E-15F8-4A32-B1E8-749B6625E91C}.Debug|Any CPU.Build.0 = Debug|Any CPU
		{80E3F19E-15F8-4A32-B1E8-749B6625E91C}.Release|Any CPU.ActiveCfg = Release|Any CPU
		{80E3F19E-15F8-4A32-B1E8-749B6625E91C}.Release|Any CPU.Build.0 = Release|Any CPU
	EndGlobalSection
	GlobalSection(NestedProjects) = preSolution
		{67024ECD-9116-4B78-9192-71A9DFFA837A} = {573F14AA-7273-4CBD-951D-E788CF3DB156}
	EndGlobalSection
EndGlobal
